
Microsoft Visual Studio Solution File, Format Version 12.00
# Visual Studio Version 16
VisualStudioVersion = 16.0.29613.14
MinimumVisualStudioVersion = 10.0.40219.1
Project("{FAE04EC0-301F-11D3-BF4B-00C04F79EFBC}") = "CheckNoint", "CheckNoint\CheckNoint.csproj", "{5D4A37CC-2797-44C6-8D7A-8E4F52593A6C}"
EndProject
Global
	GlobalSection(SolutionConfigurationPlatforms) = preSolution
		Debug|Any CPU = Debug|Any CPU
		Release|Any CPU = Release|Any CPU
	EndGlobalSection
	GlobalSection(ProjectConfigurationPlatforms) = postSolution
		{5D4A37CC-2797-44C6-8D7A-8E4F52593A6C}.Debug|Any CPU.ActiveCfg = Debug|Any CPU
		{5D4A37CC-2797-44C6-8D7A-8E4F52593A6C}.Debug|Any CPU.Build.0 = Debug|Any CPU
		{5D4A37CC-2797-44C6-8D7A-8E4F52593A6C}.Release|Any CPU.ActiveCfg = Release|Any CPU
		{5D4A37CC-2797-44C6-8D7A-8E4F52593A6C}.Release|Any CPU.Build.0 = Release|Any CPU
	EndGlobalSection
	GlobalSection(SolutionProperties) = preSolution
		HideSolutionNode = FALSE
	EndGlobalSection
	GlobalSection(ExtensibilityGlobals) = postSolution
		SolutionGuid = {3105D101-C8AC-485B-B1A8-91C81953D3C8}
	EndGlobalSection
EndGlobal
